// !$*UTF8*$!
{
	archiveVersion = 1;
	classes = {
	};
	objectVersion = 46;
	objects = {

/* Begin PBXBuildFile section */
		2CF730321CC9741800E14F29 /* main.cpp in Sources */ = {isa = PBXBuildFile; fileRef = 2CF730291CC9741800E14F29 /* main.cpp */; };
		2CF730331CC9741800E14F29 /* Account.cpp in Sources */ = {isa = PBXBuildFile; fileRef = 2CF7302A1CC9741800E14F29 /* Account.cpp */; };
		2CF730341CC9741800E14F29 /* Budget.cpp in Sources */ = {isa = PBXBuildFile; fileRef = 2CF7302B1CC9741800E14F29 /* Budget.cpp */; };
		2CF730351CC9741800E14F29 /* Envelope.cpp in Sources */ = {isa = PBXBuildFile; fileRef = 2CF7302C1CC9741800E14F29 /* Envelope.cpp */; };
		2CF730361CC9741800E14F29 /* BudgetItem.cpp in Sources */ = {isa = PBXBuildFile; fileRef = 2CF7302F1CC9741800E14F29 /* BudgetItem.cpp */; };
/* End PBXBuildFile section */

/* Begin PBXCopyFilesBuildPhase section */
		2CF7300F1CC973B900E14F29 /* CopyFiles */ = {
			isa = PBXCopyFilesBuildPhase;
			buildActionMask = 2147483647;
			dstPath = /usr/share/man/man1/;
			dstSubfolderSpec = 0;
			files = (
			);
			runOnlyForDeploymentPostprocessing = 1;
		};
/* End PBXCopyFilesBuildPhase section */

/* Begin PBXFileReference section */
		2CF730111CC973B900E14F29 /* myBudgetApp */ = {isa = PBXFileReference; explicitFileType = "compiled.mach-o.executable"; includeInIndex = 0; path = myBudgetApp; sourceTree = BUILT_PRODUCTS_DIR; };
		2CF730291CC9741800E14F29 /* main.cpp */ = {isa = PBXFileReference; fileEncoding = 4; lastKnownFileType = sourcecode.cpp.cpp; path = main.cpp; sourceTree = "<group>"; };
		2CF7302A1CC9741800E14F29 /* Account.cpp */ = {isa = PBXFileReference; fileEncoding = 4; lastKnownFileType = sourcecode.cpp.cpp; path = Account.cpp; sourceTree = "<group>"; };
		2CF7302B1CC9741800E14F29 /* Budget.cpp */ = {isa = PBXFileReference; fileEncoding = 4; lastKnownFileType = sourcecode.cpp.cpp; path = Budget.cpp; sourceTree = "<group>"; };
		2CF7302C1CC9741800E14F29 /* Envelope.cpp */ = {isa = PBXFileReference; fileEncoding = 4; lastKnownFileType = sourcecode.cpp.cpp; path = Envelope.cpp; sourceTree = "<group>"; };
		2CF7302D1CC9741800E14F29 /* Budget.hpp */ = {isa = PBXFileReference; fileEncoding = 4; lastKnownFileType = sourcecode.cpp.h; path = Budget.hpp; sourceTree = "<group>"; };
		2CF7302E1CC9741800E14F29 /* Account.hpp */ = {isa = PBXFileReference; fileEncoding = 4; lastKnownFileType = sourcecode.cpp.h; path = Account.hpp; sourceTree = "<group>"; };
		2CF7302F1CC9741800E14F29 /* BudgetItem.cpp */ = {isa = PBXFileReference; fileEncoding = 4; lastKnownFileType = sourcecode.cpp.cpp; path = BudgetItem.cpp; sourceTree = "<group>"; };
		2CF730301CC9741800E14F29 /* BudgetItem.hpp */ = {isa = PBXFileReference; fileEncoding = 4; lastKnownFileType = sourcecode.cpp.h; path = BudgetItem.hpp; sourceTree = "<group>"; };
		2CF730311CC9741800E14F29 /* Envelope.hpp */ = {isa = PBXFileReference; fileEncoding = 4; lastKnownFileType = sourcecode.cpp.h; path = Envelope.hpp; sourceTree = "<group>"; };
/* End PBXFileReference section */

/* Begin PBXFrameworksBuildPhase section */
		2CF7300E1CC973B900E14F29 /* Frameworks */ = {
			isa = PBXFrameworksBuildPhase;
			buildActionMask = 2147483647;
			files = (
			);
			runOnlyForDeploymentPostprocessing = 0;
		};
/* End PBXFrameworksBuildPhase section */

/* Begin PBXGroup section */
		2CF730081CC973B900E14F29 = {
			isa = PBXGroup;
			children = (
				2CF730131CC973B900E14F29 /* myBudgetApp */,
				2CF730121CC973B900E14F29 /* Products */,
			);
			sourceTree = "<group>";
		};
		2CF730121CC973B900E14F29 /* Products */ = {
			isa = PBXGroup;
			children = (
				2CF730111CC973B900E14F29 /* myBudgetApp */,
			);
			name = Products;
			sourceTree = "<group>";
		};
		2CF730131CC973B900E14F29 /* myBudgetApp */ = {
			isa = PBXGroup;
			children = (
				2CF730291CC9741800E14F29 /* main.cpp */,
				2CF7302A1CC9741800E14F29 /* Account.cpp */,
				2CF7302B1CC9741800E14F29 /* Budget.cpp */,
				2CF7302C1CC9741800E14F29 /* Envelope.cpp */,
				2CF7302D1CC9741800E14F29 /* Budget.hpp */,
				2CF7302E1CC9741800E14F29 /* Account.hpp */,
				2CF7302F1CC9741800E14F29 /* BudgetItem.cpp */,
				2CF730301CC9741800E14F29 /* BudgetItem.hpp */,
				2CF730311CC9741800E14F29 /* Envelope.hpp */,
			);
			path = myBudgetApp;
			sourceTree = "<group>";
		};
/* End PBXGroup section */

/* Begin PBXNativeTarget section */
		2CF730101CC973B900E14F29 /* myBudgetApp */ = {
			isa = PBXNativeTarget;
			buildConfigurationList = 2CF730181CC973B900E14F29 /* Build configuration list for PBXNativeTarget "myBudgetApp" */;
			buildPhases = (
				2CF7300D1CC973B900E14F29 /* Sources */,
				2CF7300E1CC973B900E14F29 /* Frameworks */,
				2CF7300F1CC973B900E14F29 /* CopyFiles */,
			);
			buildRules = (
			);
			dependencies = (
			);
			name = myBudgetApp;
			productName = myBudgetApp;
			productReference = 2CF730111CC973B900E14F29 /* myBudgetApp */;
			productType = "com.apple.product-type.tool";
		};
/* End PBXNativeTarget section */

/* Begin PBXProject section */
		2CF730091CC973B900E14F29 /* Project object */ = {
			isa = PBXProject;
			attributes = {
				LastUpgradeCheck = 0730;
				ORGANIZATIONNAME = "Lindsey Hogg";
				TargetAttributes = {
					2CF730101CC973B900E14F29 = {
						CreatedOnToolsVersion = 7.3;
					};
				};
			};
			buildConfigurationList = 2CF7300C1CC973B900E14F29 /* Build configuration list for PBXProject "myBudgetApp" */;
			compatibilityVersion = "Xcode 3.2";
			developmentRegion = English;
			hasScannedForEncodings = 0;
			knownRegions = (
				en,
			);
			mainGroup = 2CF730081CC973B900E14F29;
			productRefGroup = 2CF730121CC973B900E14F29 /* Products */;
			projectDirPath = "";
			projectRoot = "";
			targets = (
				2CF730101CC973B900E14F29 /* myBudgetApp */,
			);
		};
/* End PBXProject section */

/* Begin PBXSourcesBuildPhase section */
		2CF7300D1CC973B900E14F29 /* Sources */ = {
			isa = PBXSourcesBuildPhase;
			buildActionMask = 2147483647;
			files = (
				2CF730361CC9741800E14F29 /* BudgetItem.cpp in Sources */,
				2CF730321CC9741800E14F29 /* main.cpp in Sources */,
				2CF730331CC9741800E14F29 /* Account.cpp in Sources */,
				2CF730341CC9741800E14F29 /* Budget.cpp in Sources */,
				2CF730351CC9741800E14F29 /* Envelope.cpp in Sources */,
			);
			runOnlyForDeploymentPostprocessing = 0;
		};
/* End PBXSourcesBuildPhase section */

/* Begin XCBuildConfiguration section */
		2CF730161CC973B900E14F29 /* Debug */ = {
			isa = XCBuildConfiguration;
			buildSettings = {
				ALWAYS_SEARCH_USER_PATHS = NO;
				CLANG_ANALYZER_NONNULL = YES;
				CLANG_CXX_LANGUAGE_STANDARD = "gnu++0x";
				CLANG_CXX_LIBRARY = "libc++";
				CLANG_ENABLE_MODULES = YES;
				CLANG_ENABLE_OBJC_ARC = YES;
				CLANG_WARN_BOOL_CONVERSION = YES;
				CLANG_WARN_CONSTANT_CONVERSION = YES;
				CLANG_WARN_DIRECT_OBJC_ISA_USAGE = YES_ERROR;
				CLANG_WARN_EMPTY_BODY = YES;
				CLANG_WARN_ENUM_CONVERSION = YES;
				CLANG_WARN_INT_CONVERSION = YES;
				CLANG_WARN_OBJC_ROOT_CLASS = YES_ERROR;
				CLANG_WARN_UNREACHABLE_CODE = YES;
				CLANG_WARN__DUPLICATE_METHOD_MATCH = YES;
				CODE_SIGN_IDENTITY = "-";
				COPY_PHASE_STRIP = NO;
				DEBUG_INFORMATION_FORMAT = dwarf;
				ENABLE_STRICT_OBJC_MSGSEND = YES;
				ENABLE_TESTABILITY = YES;
				GCC_C_LANGUAGE_STANDARD = gnu99;
				GCC_DYNAMIC_NO_PIC = NO;
				GCC_NO_COMMON_BLOCKS = YES;
				GCC_OPTIMIZATION_LEVEL = 0;
				GCC_PREPROCESSOR_DEFINITIONS = (
					"DEBUG=1",
					"$(inherited)",
				);
				GCC_WARN_64_TO_32_BIT_CONVERSION = YES;
				GCC_WARN_ABOUT_RETURN_TYPE = YES_ERROR;
				GCC_WARN_UNDECLARED_SELECTOR = YES;
				GCC_WARN_UNINITIALIZED_AUTOS = YES_AGGRESSIVE;
				GCC_WARN_UNUSED_FUNCTION = YES;
				GCC_WARN_UNUSED_VARIABLE = YES;
				MACOSX_DEPLOYMENT_TARGET = 10.11;
				MTL_ENABLE_DEBUG_INFO = YES;
				ONLY_ACTIVE_ARCH = YES;
				SDKROOT = macosx;
			};
			name = Debug;
		};
		2CF730171CC973B900E14F29 /* Release */ = {
			isa = XCBuildConfiguration;
			buildSettings = {
				ALWAYS_SEARCH_USER_PATHS = NO;
				CLANG_ANALYZER_NONNULL = YES;
				CLANG_CXX_LANGUAGE_STANDARD = "gnu++0x";
				CLANG_CXX_LIBRARY = "libc++";
				CLANG_ENABLE_MODULES = YES;
				CLANG_ENABLE_OBJC_ARC = YES;
				CLANG_WARN_BOOL_CONVERSION = YES;
				CLANG_WARN_CONSTANT_CONVERSION = YES;
				CLANG_WARN_DIRECT_OBJC_ISA_USAGE = YES_ERROR;
				CLANG_WARN_EMPTY_BODY = YES;
				CLANG_WARN_ENUM_CONVERSION = YES;
				CLANG_WARN_INT_CONVERSION = YES;
				CLANG_WARN_OBJC_ROOT_CLASS = YES_ERROR;
				CLANG_WARN_UNREACHABLE_CODE = YES;
				CLANG_WARN__DUPLICATE_METHOD_MATCH = YES;
				CODE_SIGN_IDENTITY = "-";
				COPY_PHASE_STRIP = NO;
				DEBUG_INFORMATION_FORMAT = "dwarf-with-dsym";
				ENABLE_NS_ASSERTIONS = NO;
				ENABLE_STRICT_OBJC_MSGSEND = YES;
				GCC_C_LANGUAGE_STANDARD = gnu99;
				GCC_NO_COMMON_BLOCKS = YES;
				GCC_WARN_64_TO_32_BIT_CONVERSION = YES;
				GCC_WARN_ABOUT_RETURN_TYPE = YES_ERROR;
				GCC_WARN_UNDECLARED_SELECTOR = YES;
				GCC_WARN_UNINITIALIZED_AUTOS = YES_AGGRESSIVE;
				GCC_WARN_UNUSED_FUNCTION = YES;
				GCC_WARN_UNUSED_VARIABLE = YES;
				MACOSX_DEPLOYMENT_TARGET = 10.11;
				MTL_ENABLE_DEBUG_INFO = NO;
				SDKROOT = macosx;
			};
			name = Release;
		};
		2CF730191CC973B900E14F29 /* Debug */ = {
			isa = XCBuildConfiguration;
			buildSettings = {
				PRODUCT_NAME = "$(TARGET_NAME)";
			};
			name = Debug;
		};
		2CF7301A1CC973B900E14F29 /* Release */ = {
			isa = XCBuildConfiguration;
			buildSettings = {
				PRODUCT_NAME = "$(TARGET_NAME)";
			};
			name = Release;
		};
/* End XCBuildConfiguration section */

/* Begin XCConfigurationList section */
		2CF7300C1CC973B900E14F29 /* Build configuration list for PBXProject "myBudgetApp" */ = {
			isa = XCConfigurationList;
			buildConfigurations = (
				2CF730161CC973B900E14F29 /* Debug */,
				2CF730171CC973B900E14F29 /* Release */,
			);
			defaultConfigurationIsVisible = 0;
			defaultConfigurationName = Release;
		};
		2CF730181CC973B900E14F29 /* Build configuration list for PBXNativeTarget "myBudgetApp" */ = {
			isa = XCConfigurationList;
			buildConfigurations = (
				2CF730191CC973B900E14F29 /* Debug */,
				2CF7301A1CC973B900E14F29 /* Release */,
			);
			defaultConfigurationIsVisible = 0;
		};
/* End XCConfigurationList section */
	};
	rootObject = 2CF730091CC973B900E14F29 /* Project object */;
}
